
Microsoft Visual Studio Solution File, Format Version 12.00
# Visual Studio 15
VisualStudioVersion = 15.0.27130.2027
MinimumVisualStudioVersion = 10.0.40219.1
Project("{FAE04EC0-301F-11D3-BF4B-00C04F79EFBC}") = "FingerPassServer", "FingerPassServer\FingerPassServer.csproj", "{C6E0F719-98A5-42C3-BDE8-831E2CB9E4C4}"
EndProject
Global
	GlobalSection(SolutionConfigurationPlatforms) = preSolution
		Debug|Any CPU = Debug|Any CPU
		Release|Any CPU = Release|Any CPU
	EndGlobalSection
	GlobalSection(ProjectConfigurationPlatforms) = postSolution
		{C6E0F719-98A5-42C3-BDE8-831E2CB9E4C4}.Debug|Any CPU.ActiveCfg = Debug|Any CPU
		{C6E0F719-98A5-42C3-BDE8-831E2CB9E4C4}.Debug|Any CPU.Build.0 = Debug|Any CPU
		{C6E0F719-98A5-42C3-BDE8-831E2CB9E4C4}.Release|Any CPU.ActiveCfg = Release|Any CPU
		{C6E0F719-98A5-42C3-BDE8-831E2CB9E4C4}.Release|Any CPU.Build.0 = Release|Any CPU
	EndGlobalSection
	GlobalSection(SolutionProperties) = preSolution
		HideSolutionNode = FALSE
	EndGlobalSection
	GlobalSection(ExtensibilityGlobals) = postSolution
		SolutionGuid = {CDA17A90-BCF6-4227-BE7F-7DB6B15F207F}
	EndGlobalSection
EndGlobal
